
Microsoft Visual Studio Solution File, Format Version 12.00
# Visual Studio Version 17
VisualStudioVersion = 17.0.32112.339
MinimumVisualStudioVersion = 10.0.40219.1
Project("{2150E333-8FDC-42A3-9474-1A3956D46DE8}") = "Services", "Services", "{A6BFB9D1-6A0C-42A3-81D4-DF87801DE626}"
EndProject
Project("{2150E333-8FDC-42A3-9474-1A3956D46DE8}") = "Basket", "Basket", "{AA6BA446-F494-4354-A444-E29B5CC9F9CB}"
EndProject
Project("{2150E333-8FDC-42A3-9474-1A3956D46DE8}") = "Ordering", "Ordering", "{55E37A1C-72AE-4EF6-94C7-BF9130FEEFDA}"
EndProject
Project("{9A19103F-16F7-4668-BE54-9A1E7A4F7556}") = "Ordering.Api", "Services\Ordering\Ordering.Api\Ordering.Api.csproj", "{D5E26261-0DFB-4FC8-BB77-4641DA045FD4}"
EndProject
Project("{9A19103F-16F7-4668-BE54-9A1E7A4F7556}") = "Ordering.Domain", "Services\Ordering\Ordering.Domain\Ordering.Domain.csproj", "{D48A6C5F-F97A-48C7-B5CD-7EF614459759}"
EndProject
Project("{9A19103F-16F7-4668-BE54-9A1E7A4F7556}") = "Ordering.Application", "Services\Ordering\Ordering.Application\Ordering.Application.csproj", "{F190DB9E-19BA-465F-A483-539A769667C2}"
EndProject
Project("{9A19103F-16F7-4668-BE54-9A1E7A4F7556}") = "Ordering.Infrastructure", "Services\Ordering\Ordering.Infrastructure\Ordering.Infrastructure.csproj", "{89B2FEE2-F271-4C5B-8BA6-B41869EB7203}"
EndProject
Project("{2150E333-8FDC-42A3-9474-1A3956D46DE8}") = "Catalog", "Catalog", "{B394B4F5-17A8-43CF-9BB9-C602F2978CB1}"
EndProject
Project("{9A19103F-16F7-4668-BE54-9A1E7A4F7556}") = "Catalog.Api", "Services\Catalog\Catalog.Api\Catalog.Api.csproj", "{D8588BBA-98E8-4E35-8598-DCE1E4EC470C}"
EndProject
Project("{E53339B2-1760-4266-BCC7-CA923CBCF16C}") = "docker-compose", "docker-compose.dcproj", "{EEA6D9C6-3DF4-4C84-A0A6-72206A026D60}"
EndProject
Project("{9A19103F-16F7-4668-BE54-9A1E7A4F7556}") = "Basket.API", "Services\Basket\Basket.API\Basket.API.csproj", "{0E1FC191-D6E0-4F9C-8F22-7605245B8F0B}"
EndProject
Project("{2150E333-8FDC-42A3-9474-1A3956D46DE8}") = "Discount", "Discount", "{1D0E5693-96DD-408C-ABB5-B878CDCB8AC2}"
EndProject
Project("{9A19103F-16F7-4668-BE54-9A1E7A4F7556}") = "Discount.API", "Services\Discount\Discount.API\Discount.API.csproj", "{A624B17A-4D89-4AF6-B0CA-8FD8C4FD312F}"
EndProject
Project("{9A19103F-16F7-4668-BE54-9A1E7A4F7556}") = "Discount.Grpc", "Services\Discount\Discount.Grpc\Discount.Grpc.csproj", "{DD6EF9A5-8520-4C01-B7D8-DAEB3ECFBF8B}"
EndProject
Project("{2150E333-8FDC-42A3-9474-1A3956D46DE8}") = "BuildingBlocks", "BuildingBlocks", "{82FE1D0E-ACF2-430A-AA2A-250C7E301FC6}"
EndProject
Project("{FAE04EC0-301F-11D3-BF4B-00C04F79EFBC}") = "EventBus.Messages", "BuildingBlocks\EventBus.Messages\EventBus.Messages.csproj", "{1B317536-2C4B-4C31-9086-95C1BEC09BA0}"
EndProject
Global
	GlobalSection(SolutionConfigurationPlatforms) = preSolution
		Debug|Any CPU = Debug|Any CPU
		Release|Any CPU = Release|Any CPU
	EndGlobalSection
	GlobalSection(ProjectConfigurationPlatforms) = postSolution
		{D5E26261-0DFB-4FC8-BB77-4641DA045FD4}.Debug|Any CPU.ActiveCfg = Debug|Any CPU
		{D5E26261-0DFB-4FC8-BB77-4641DA045FD4}.Debug|Any CPU.Build.0 = Debug|Any CPU
		{D5E26261-0DFB-4FC8-BB77-4641DA045FD4}.Release|Any CPU.ActiveCfg = Release|Any CPU
		{D5E26261-0DFB-4FC8-BB77-4641DA045FD4}.Release|Any CPU.Build.0 = Release|Any CPU
		{D48A6C5F-F97A-48C7-B5CD-7EF614459759}.Debug|Any CPU.ActiveCfg = Debug|Any CPU
		{D48A6C5F-F97A-48C7-B5CD-7EF614459759}.Debug|Any CPU.Build.0 = Debug|Any CPU
		{D48A6C5F-F97A-48C7-B5CD-7EF614459759}.Release|Any CPU.ActiveCfg = Release|Any CPU
		{D48A6C5F-F97A-48C7-B5CD-7EF614459759}.Release|Any CPU.Build.0 = Release|Any CPU
		{F190DB9E-19BA-465F-A483-539A769667C2}.Debug|Any CPU.ActiveCfg = Debug|Any CPU
		{F190DB9E-19BA-465F-A483-539A769667C2}.Debug|Any CPU.Build.0 = Debug|Any CPU
		{F190DB9E-19BA-465F-A483-539A769667C2}.Release|Any CPU.ActiveCfg = Release|Any CPU
		{F190DB9E-19BA-465F-A483-539A769667C2}.Release|Any CPU.Build.0 = Release|Any CPU
		{89B2FEE2-F271-4C5B-8BA6-B41869EB7203}.Debug|Any CPU.ActiveCfg = Debug|Any CPU
		{89B2FEE2-F271-4C5B-8BA6-B41869EB7203}.Debug|Any CPU.Build.0 = Debug|Any CPU
		{89B2FEE2-F271-4C5B-8BA6-B41869EB7203}.Release|Any CPU.ActiveCfg = Release|Any CPU
		{89B2FEE2-F271-4C5B-8BA6-B41869EB7203}.Release|Any CPU.Build.0 = Release|Any CPU
		{D8588BBA-98E8-4E35-8598-DCE1E4EC470C}.Debug|Any CPU.ActiveCfg = Debug|Any CPU
		{D8588BBA-98E8-4E35-8598-DCE1E4EC470C}.Debug|Any CPU.Build.0 = Debug|Any CPU
		{D8588BBA-98E8-4E35-8598-DCE1E4EC470C}.Release|Any CPU.ActiveCfg = Release|Any CPU
		{D8588BBA-98E8-4E35-8598-DCE1E4EC470C}.Release|Any CPU.Build.0 = Release|Any CPU
		{EEA6D9C6-3DF4-4C84-A0A6-72206A026D60}.Debug|Any CPU.ActiveCfg = Debug|Any CPU
		{EEA6D9C6-3DF4-4C84-A0A6-72206A026D60}.Debug|Any CPU.Build.0 = Debug|Any CPU
		{EEA6D9C6-3DF4-4C84-A0A6-72206A026D60}.Release|Any CPU.ActiveCfg = Release|Any CPU
		{EEA6D9C6-3DF4-4C84-A0A6-72206A026D60}.Release|Any CPU.Build.0 = Release|Any CPU
		{0E1FC191-D6E0-4F9C-8F22-7605245B8F0B}.Debug|Any CPU.ActiveCfg = Debug|Any CPU
		{0E1FC191-D6E0-4F9C-8F22-7605245B8F0B}.Debug|Any CPU.Build.0 = Debug|Any CPU
		{0E1FC191-D6E0-4F9C-8F22-7605245B8F0B}.Release|Any CPU.ActiveCfg = Release|Any CPU
		{0E1FC191-D6E0-4F9C-8F22-7605245B8F0B}.Release|Any CPU.Build.0 = Release|Any CPU
		{A624B17A-4D89-4AF6-B0CA-8FD8C4FD312F}.Debug|Any CPU.ActiveCfg = Debug|Any CPU
		{A624B17A-4D89-4AF6-B0CA-8FD8C4FD312F}.Debug|Any CPU.Build.0 = Debug|Any CPU
		{A624B17A-4D89-4AF6-B0CA-8FD8C4FD312F}.Release|Any CPU.ActiveCfg = Release|Any CPU
		{A624B17A-4D89-4AF6-B0CA-8FD8C4FD312F}.Release|Any CPU.Build.0 = Release|Any CPU
		{DD6EF9A5-8520-4C01-B7D8-DAEB3ECFBF8B}.Debug|Any CPU.ActiveCfg = Debug|Any CPU
		{DD6EF9A5-8520-4C01-B7D8-DAEB3ECFBF8B}.Debug|Any CPU.Build.0 = Debug|Any CPU
		{DD6EF9A5-8520-4C01-B7D8-DAEB3ECFBF8B}.Release|Any CPU.ActiveCfg = Release|Any CPU
		{DD6EF9A5-8520-4C01-B7D8-DAEB3ECFBF8B}.Release|Any CPU.Build.0 = Release|Any CPU
		{1B317536-2C4B-4C31-9086-95C1BEC09BA0}.Debug|Any CPU.ActiveCfg = Debug|Any CPU
		{1B317536-2C4B-4C31-9086-95C1BEC09BA0}.Debug|Any CPU.Build.0 = Debug|Any CPU
		{1B317536-2C4B-4C31-9086-95C1BEC09BA0}.Release|Any CPU.ActiveCfg = Release|Any CPU
		{1B317536-2C4B-4C31-9086-95C1BEC09BA0}.Release|Any CPU.Build.0 = Release|Any CPU
	EndGlobalSection
	GlobalSection(SolutionProperties) = preSolution
		HideSolutionNode = FALSE
	EndGlobalSection
	GlobalSection(NestedProjects) = preSolution
		{AA6BA446-F494-4354-A444-E29B5CC9F9CB} = {A6BFB9D1-6A0C-42A3-81D4-DF87801DE626}
		{55E37A1C-72AE-4EF6-94C7-BF9130FEEFDA} = {A6BFB9D1-6A0C-42A3-81D4-DF87801DE626}
		{D5E26261-0DFB-4FC8-BB77-4641DA045FD4} = {55E37A1C-72AE-4EF6-94C7-BF9130FEEFDA}
		{D48A6C5F-F97A-48C7-B5CD-7EF614459759} = {55E37A1C-72AE-4EF6-94C7-BF9130FEEFDA}
		{F190DB9E-19BA-465F-A483-539A769667C2} = {55E37A1C-72AE-4EF6-94C7-BF9130FEEFDA}
		{89B2FEE2-F271-4C5B-8BA6-B41869EB7203} = {55E37A1C-72AE-4EF6-94C7-BF9130FEEFDA}
		{B394B4F5-17A8-43CF-9BB9-C602F2978CB1} = {A6BFB9D1-6A0C-42A3-81D4-DF87801DE626}
		{D8588BBA-98E8-4E35-8598-DCE1E4EC470C} = {B394B4F5-17A8-43CF-9BB9-C602F2978CB1}
		{0E1FC191-D6E0-4F9C-8F22-7605245B8F0B} = {AA6BA446-F494-4354-A444-E29B5CC9F9CB}
		{1D0E5693-96DD-408C-ABB5-B878CDCB8AC2} = {A6BFB9D1-6A0C-42A3-81D4-DF87801DE626}
		{A624B17A-4D89-4AF6-B0CA-8FD8C4FD312F} = {1D0E5693-96DD-408C-ABB5-B878CDCB8AC2}
		{DD6EF9A5-8520-4C01-B7D8-DAEB3ECFBF8B} = {1D0E5693-96DD-408C-ABB5-B878CDCB8AC2}
		{1B317536-2C4B-4C31-9086-95C1BEC09BA0} = {82FE1D0E-ACF2-430A-AA2A-250C7E301FC6}
	EndGlobalSection
	GlobalSection(ExtensibilityGlobals) = postSolution
		SolutionGuid = {E9877826-20F5-4859-863B-6E65852C7732}
	EndGlobalSection
EndGlobal
